// !$*UTF8*$!
{
	archiveVersion = 1;
	classes = {
	};
	objectVersion = 56;
	objects = {

/* Begin PBXBuildFile section */
		002EA4CF9F47D145479552C7 /* Pods_HeadLine_HeadLineUITests.framework in Frameworks */ = {isa = PBXBuildFile; fileRef = A565A3789E46C56BCA201FDE /* Pods_HeadLine_HeadLineUITests.framework */; };
		37E221A12AA3A6AF00E1C45A /* RobotoSlab-Regular.ttf in Resources */ = {isa = PBXBuildFile; fileRef = 37E2219F2AA3A6AF00E1C45A /* RobotoSlab-Regular.ttf */; };
		37E221A22AA3A6AF00E1C45A /* RobotoSlab-Bold.ttf in Resources */ = {isa = PBXBuildFile; fileRef = 37E221A02AA3A6AF00E1C45A /* RobotoSlab-Bold.ttf */; };
		37E221A82AA3AE0000E1C45A /* GoogleService-Info.plist in Resources */ = {isa = PBXBuildFile; fileRef = 37E221A72AA3AE0000E1C45A /* GoogleService-Info.plist */; };
		37F917F82AA39D3F004439AE /* AppDelegate.swift in Sources */ = {isa = PBXBuildFile; fileRef = 37F917F72AA39D3F004439AE /* AppDelegate.swift */; };
		37F917FA2AA39D3F004439AE /* SceneDelegate.swift in Sources */ = {isa = PBXBuildFile; fileRef = 37F917F92AA39D3F004439AE /* SceneDelegate.swift */; };
		37F917FC2AA39D3F004439AE /* LoginViewController.swift in Sources */ = {isa = PBXBuildFile; fileRef = 37F917FB2AA39D3F004439AE /* LoginViewController.swift */; };
		37F917FF2AA39D3F004439AE /* Main.storyboard in Resources */ = {isa = PBXBuildFile; fileRef = 37F917FD2AA39D3F004439AE /* Main.storyboard */; };
		37F918012AA39D40004439AE /* Assets.xcassets in Resources */ = {isa = PBXBuildFile; fileRef = 37F918002AA39D40004439AE /* Assets.xcassets */; };
		37F918042AA39D40004439AE /* LaunchScreen.storyboard in Resources */ = {isa = PBXBuildFile; fileRef = 37F918022AA39D40004439AE /* LaunchScreen.storyboard */; };
		37F9180F2AA39D40004439AE /* HeadLineTests.swift in Sources */ = {isa = PBXBuildFile; fileRef = 37F9180E2AA39D40004439AE /* HeadLineTests.swift */; };
		37F918192AA39D40004439AE /* HeadLineUITests.swift in Sources */ = {isa = PBXBuildFile; fileRef = 37F918182AA39D40004439AE /* HeadLineUITests.swift */; };
		37F9181B2AA39D40004439AE /* HeadLineUITestsLaunchTests.swift in Sources */ = {isa = PBXBuildFile; fileRef = 37F9181A2AA39D40004439AE /* HeadLineUITestsLaunchTests.swift */; };
		B8963EAECEC9E81FC9FC61E4 /* Pods_HeadLine.framework in Frameworks */ = {isa = PBXBuildFile; fileRef = 612A6B2F46F6AE06857AEEE9 /* Pods_HeadLine.framework */; };
		CDBEAC73D3AA4B5D97C6A57E /* Pods_HeadLineTests.framework in Frameworks */ = {isa = PBXBuildFile; fileRef = 9827483FCFC6CBD057529A5D /* Pods_HeadLineTests.framework */; };
/* End PBXBuildFile section */

/* Begin PBXContainerItemProxy section */
		37F9180B2AA39D40004439AE /* PBXContainerItemProxy */ = {
			isa = PBXContainerItemProxy;
			containerPortal = 37F917EC2AA39D3F004439AE /* Project object */;
			proxyType = 1;
			remoteGlobalIDString = 37F917F32AA39D3F004439AE;
			remoteInfo = HeadLine;
		};
		37F918152AA39D40004439AE /* PBXContainerItemProxy */ = {
			isa = PBXContainerItemProxy;
			containerPortal = 37F917EC2AA39D3F004439AE /* Project object */;
			proxyType = 1;
			remoteGlobalIDString = 37F917F32AA39D3F004439AE;
			remoteInfo = HeadLine;
		};
/* End PBXContainerItemProxy section */

/* Begin PBXFileReference section */
		321DAB6E3FAC1FC9C030CB0C /* Pods-HeadLineTests.release.xcconfig */ = {isa = PBXFileReference; includeInIndex = 1; lastKnownFileType = text.xcconfig; name = "Pods-HeadLineTests.release.xcconfig"; path = "Target Support Files/Pods-HeadLineTests/Pods-HeadLineTests.release.xcconfig"; sourceTree = "<group>"; };
		37E2219F2AA3A6AF00E1C45A /* RobotoSlab-Regular.ttf */ = {isa = PBXFileReference; lastKnownFileType = file; path = "RobotoSlab-Regular.ttf"; sourceTree = "<group>"; };
		37E221A02AA3A6AF00E1C45A /* RobotoSlab-Bold.ttf */ = {isa = PBXFileReference; lastKnownFileType = file; path = "RobotoSlab-Bold.ttf"; sourceTree = "<group>"; };
		37E221A72AA3AE0000E1C45A /* GoogleService-Info.plist */ = {isa = PBXFileReference; fileEncoding = 4; lastKnownFileType = text.plist.xml; path = "GoogleService-Info.plist"; sourceTree = "<group>"; };
		37F917F42AA39D3F004439AE /* HeadLine.app */ = {isa = PBXFileReference; explicitFileType = wrapper.application; includeInIndex = 0; path = HeadLine.app; sourceTree = BUILT_PRODUCTS_DIR; };
		37F917F72AA39D3F004439AE /* AppDelegate.swift */ = {isa = PBXFileReference; lastKnownFileType = sourcecode.swift; path = AppDelegate.swift; sourceTree = "<group>"; };
		37F917F92AA39D3F004439AE /* SceneDelegate.swift */ = {isa = PBXFileReference; lastKnownFileType = sourcecode.swift; path = SceneDelegate.swift; sourceTree = "<group>"; };
		37F917FB2AA39D3F004439AE /* LoginViewController.swift */ = {isa = PBXFileReference; lastKnownFileType = sourcecode.swift; path = LoginViewController.swift; sourceTree = "<group>"; };
		37F917FE2AA39D3F004439AE /* Base */ = {isa = PBXFileReference; lastKnownFileType = file.storyboard; name = Base; path = Base.lproj/Main.storyboard; sourceTree = "<group>"; };
		37F918002AA39D40004439AE /* Assets.xcassets */ = {isa = PBXFileReference; lastKnownFileType = folder.assetcatalog; path = Assets.xcassets; sourceTree = "<group>"; };
		37F918032AA39D40004439AE /* Base */ = {isa = PBXFileReference; lastKnownFileType = file.storyboard; name = Base; path = Base.lproj/LaunchScreen.storyboard; sourceTree = "<group>"; };
		37F918052AA39D40004439AE /* Info.plist */ = {isa = PBXFileReference; lastKnownFileType = text.plist.xml; path = Info.plist; sourceTree = "<group>"; };
		37F9180A2AA39D40004439AE /* HeadLineTests.xctest */ = {isa = PBXFileReference; explicitFileType = wrapper.cfbundle; includeInIndex = 0; path = HeadLineTests.xctest; sourceTree = BUILT_PRODUCTS_DIR; };
		37F9180E2AA39D40004439AE /* HeadLineTests.swift */ = {isa = PBXFileReference; lastKnownFileType = sourcecode.swift; path = HeadLineTests.swift; sourceTree = "<group>"; };
		37F918142AA39D40004439AE /* HeadLineUITests.xctest */ = {isa = PBXFileReference; explicitFileType = wrapper.cfbundle; includeInIndex = 0; path = HeadLineUITests.xctest; sourceTree = BUILT_PRODUCTS_DIR; };
		37F918182AA39D40004439AE /* HeadLineUITests.swift */ = {isa = PBXFileReference; lastKnownFileType = sourcecode.swift; path = HeadLineUITests.swift; sourceTree = "<group>"; };
		37F9181A2AA39D40004439AE /* HeadLineUITestsLaunchTests.swift */ = {isa = PBXFileReference; lastKnownFileType = sourcecode.swift; path = HeadLineUITestsLaunchTests.swift; sourceTree = "<group>"; };
		5385038AF64E5D9E22BF5AE6 /* Pods-HeadLine.release.xcconfig */ = {isa = PBXFileReference; includeInIndex = 1; lastKnownFileType = text.xcconfig; name = "Pods-HeadLine.release.xcconfig"; path = "Target Support Files/Pods-HeadLine/Pods-HeadLine.release.xcconfig"; sourceTree = "<group>"; };
		612A6B2F46F6AE06857AEEE9 /* Pods_HeadLine.framework */ = {isa = PBXFileReference; explicitFileType = wrapper.framework; includeInIndex = 0; path = Pods_HeadLine.framework; sourceTree = BUILT_PRODUCTS_DIR; };
		9827483FCFC6CBD057529A5D /* Pods_HeadLineTests.framework */ = {isa = PBXFileReference; explicitFileType = wrapper.framework; includeInIndex = 0; path = Pods_HeadLineTests.framework; sourceTree = BUILT_PRODUCTS_DIR; };
		A496B10A99684C33EF8734D7 /* Pods-HeadLine-HeadLineUITests.debug.xcconfig */ = {isa = PBXFileReference; includeInIndex = 1; lastKnownFileType = text.xcconfig; name = "Pods-HeadLine-HeadLineUITests.debug.xcconfig"; path = "Target Support Files/Pods-HeadLine-HeadLineUITests/Pods-HeadLine-HeadLineUITests.debug.xcconfig"; sourceTree = "<group>"; };
		A565A3789E46C56BCA201FDE /* Pods_HeadLine_HeadLineUITests.framework */ = {isa = PBXFileReference; explicitFileType = wrapper.framework; includeInIndex = 0; path = Pods_HeadLine_HeadLineUITests.framework; sourceTree = BUILT_PRODUCTS_DIR; };
		DEC00113589C7E35221ED037 /* Pods-HeadLineTests.debug.xcconfig */ = {isa = PBXFileReference; includeInIndex = 1; lastKnownFileType = text.xcconfig; name = "Pods-HeadLineTests.debug.xcconfig"; path = "Target Support Files/Pods-HeadLineTests/Pods-HeadLineTests.debug.xcconfig"; sourceTree = "<group>"; };
		DF15E44A282BE40ED7294D50 /* Pods-HeadLine.debug.xcconfig */ = {isa = PBXFileReference; includeInIndex = 1; lastKnownFileType = text.xcconfig; name = "Pods-HeadLine.debug.xcconfig"; path = "Target Support Files/Pods-HeadLine/Pods-HeadLine.debug.xcconfig"; sourceTree = "<group>"; };
		EF7150E62AE3D1D3A898B68E /* Pods-HeadLine-HeadLineUITests.release.xcconfig */ = {isa = PBXFileReference; includeInIndex = 1; lastKnownFileType = text.xcconfig; name = "Pods-HeadLine-HeadLineUITests.release.xcconfig"; path = "Target Support Files/Pods-HeadLine-HeadLineUITests/Pods-HeadLine-HeadLineUITests.release.xcconfig"; sourceTree = "<group>"; };
/* End PBXFileReference section */

/* Begin PBXFrameworksBuildPhase section */
		37F917F12AA39D3F004439AE /* Frameworks */ = {
			isa = PBXFrameworksBuildPhase;
			buildActionMask = 2147483647;
			files = (
				B8963EAECEC9E81FC9FC61E4 /* Pods_HeadLine.framework in Frameworks */,
			);
			runOnlyForDeploymentPostprocessing = 0;
		};
		37F918072AA39D40004439AE /* Frameworks */ = {
			isa = PBXFrameworksBuildPhase;
			buildActionMask = 2147483647;
			files = (
				CDBEAC73D3AA4B5D97C6A57E /* Pods_HeadLineTests.framework in Frameworks */,
			);
			runOnlyForDeploymentPostprocessing = 0;
		};
		37F918112AA39D40004439AE /* Frameworks */ = {
			isa = PBXFrameworksBuildPhase;
			buildActionMask = 2147483647;
			files = (
				002EA4CF9F47D145479552C7 /* Pods_HeadLine_HeadLineUITests.framework in Frameworks */,
			);
			runOnlyForDeploymentPostprocessing = 0;
		};
/* End PBXFrameworksBuildPhase section */

/* Begin PBXGroup section */
		37E221962AA3A5F200E1C45A /* Resources */ = {
			isa = PBXGroup;
			children = (
				37F918002AA39D40004439AE /* Assets.xcassets */,
			);
			path = Resources;
			sourceTree = "<group>";
		};
		37E221972AA3A60100E1C45A /* Utils */ = {
			isa = PBXGroup;
			children = (
			);
			path = Utils;
			sourceTree = "<group>";
		};
		37E221982AA3A60500E1C45A /* Constants */ = {
			isa = PBXGroup;
			children = (
			);
			path = Constants;
			sourceTree = "<group>";
		};
		37E221992AA3A61300E1C45A /* DetailedHeadLineModule */ = {
			isa = PBXGroup;
			children = (
			);
			path = DetailedHeadLineModule;
			sourceTree = "<group>";
		};
		37E2219A2AA3A61E00E1C45A /* HeadLineModule */ = {
			isa = PBXGroup;
			children = (
			);
			path = HeadLineModule;
			sourceTree = "<group>";
		};
		37E2219B2AA3A62600E1C45A /* LoginModule */ = {
			isa = PBXGroup;
			children = (
				37F917FB2AA39D3F004439AE /* LoginViewController.swift */,
			);
			path = LoginModule;
			sourceTree = "<group>";
		};
		37E2219C2AA3A63200E1C45A /* View */ = {
			isa = PBXGroup;
			children = (
				37F917FD2AA39D3F004439AE /* Main.storyboard */,
				37F918022AA39D40004439AE /* LaunchScreen.storyboard */,
			);
			path = View;
			sourceTree = "<group>";
		};
		37E2219D2AA3A63A00E1C45A /* General */ = {
			isa = PBXGroup;
			children = (
				37F917F92AA39D3F004439AE /* SceneDelegate.swift */,
				37F917F72AA39D3F004439AE /* AppDelegate.swift */,
			);
			path = General;
			sourceTree = "<group>";
		};
		37E2219E2AA3A64000E1C45A /* Font */ = {
			isa = PBXGroup;
			children = (
				37E221A02AA3A6AF00E1C45A /* RobotoSlab-Bold.ttf */,
				37E2219F2AA3A6AF00E1C45A /* RobotoSlab-Regular.ttf */,
			);
			path = Font;
			sourceTree = "<group>";
		};
		37F917EB2AA39D3F004439AE = {
			isa = PBXGroup;
			children = (
				37F917F62AA39D3F004439AE /* HeadLine */,
				37F9180D2AA39D40004439AE /* HeadLineTests */,
				37F918172AA39D40004439AE /* HeadLineUITests */,
				37F917F52AA39D3F004439AE /* Products */,
				E53F00913910E614D44E10A0 /* Pods */,
				DAA85D7D357A42849EA3BD00 /* Frameworks */,
			);
			sourceTree = "<group>";
		};
		37F917F52AA39D3F004439AE /* Products */ = {
			isa = PBXGroup;
			children = (
				37F917F42AA39D3F004439AE /* HeadLine.app */,
				37F9180A2AA39D40004439AE /* HeadLineTests.xctest */,
				37F918142AA39D40004439AE /* HeadLineUITests.xctest */,
			);
			name = Products;
			sourceTree = "<group>";
		};
		37F917F62AA39D3F004439AE /* HeadLine */ = {
			isa = PBXGroup;
			children = (
				37E2219E2AA3A64000E1C45A /* Font */,
				37E2219D2AA3A63A00E1C45A /* General */,
				37E2219C2AA3A63200E1C45A /* View */,
				37E2219B2AA3A62600E1C45A /* LoginModule */,
				37E2219A2AA3A61E00E1C45A /* HeadLineModule */,
				37E221992AA3A61300E1C45A /* DetailedHeadLineModule */,
				37E221982AA3A60500E1C45A /* Constants */,
				37E221972AA3A60100E1C45A /* Utils */,
				37E221962AA3A5F200E1C45A /* Resources */,
				37F918052AA39D40004439AE /* Info.plist */,
				37E221A72AA3AE0000E1C45A /* GoogleService-Info.plist */,
			);
			path = HeadLine;
			sourceTree = "<group>";
		};
		37F9180D2AA39D40004439AE /* HeadLineTests */ = {
			isa = PBXGroup;
			children = (
				37F9180E2AA39D40004439AE /* HeadLineTests.swift */,
			);
			path = HeadLineTests;
			sourceTree = "<group>";
		};
		37F918172AA39D40004439AE /* HeadLineUITests */ = {
			isa = PBXGroup;
			children = (
				37F918182AA39D40004439AE /* HeadLineUITests.swift */,
				37F9181A2AA39D40004439AE /* HeadLineUITestsLaunchTests.swift */,
			);
			path = HeadLineUITests;
			sourceTree = "<group>";
		};
		DAA85D7D357A42849EA3BD00 /* Frameworks */ = {
			isa = PBXGroup;
			children = (
				612A6B2F46F6AE06857AEEE9 /* Pods_HeadLine.framework */,
				A565A3789E46C56BCA201FDE /* Pods_HeadLine_HeadLineUITests.framework */,
				9827483FCFC6CBD057529A5D /* Pods_HeadLineTests.framework */,
			);
			name = Frameworks;
			sourceTree = "<group>";
		};
		E53F00913910E614D44E10A0 /* Pods */ = {
			isa = PBXGroup;
			children = (
				DF15E44A282BE40ED7294D50 /* Pods-HeadLine.debug.xcconfig */,
				5385038AF64E5D9E22BF5AE6 /* Pods-HeadLine.release.xcconfig */,
				A496B10A99684C33EF8734D7 /* Pods-HeadLine-HeadLineUITests.debug.xcconfig */,
				EF7150E62AE3D1D3A898B68E /* Pods-HeadLine-HeadLineUITests.release.xcconfig */,
				DEC00113589C7E35221ED037 /* Pods-HeadLineTests.debug.xcconfig */,
				321DAB6E3FAC1FC9C030CB0C /* Pods-HeadLineTests.release.xcconfig */,
			);
			path = Pods;
			sourceTree = "<group>";
		};
/* End PBXGroup section */

/* Begin PBXNativeTarget section */
		37F917F32AA39D3F004439AE /* HeadLine */ = {
			isa = PBXNativeTarget;
			buildConfigurationList = 37F9181E2AA39D40004439AE /* Build configuration list for PBXNativeTarget "HeadLine" */;
			buildPhases = (
				8BBD8A7E10BEDAA2552A17B0 /* [CP] Check Pods Manifest.lock */,
				37F917F02AA39D3F004439AE /* Sources */,
				37F917F12AA39D3F004439AE /* Frameworks */,
				37F917F22AA39D3F004439AE /* Resources */,
				53CE41AF334AF3670909E9F5 /* [CP] Embed Pods Frameworks */,
			);
			buildRules = (
			);
			dependencies = (
			);
			name = HeadLine;
			productName = HeadLine;
			productReference = 37F917F42AA39D3F004439AE /* HeadLine.app */;
			productType = "com.apple.product-type.application";
		};
		37F918092AA39D40004439AE /* HeadLineTests */ = {
			isa = PBXNativeTarget;
			buildConfigurationList = 37F918212AA39D40004439AE /* Build configuration list for PBXNativeTarget "HeadLineTests" */;
			buildPhases = (
				59BBDAD7E91B40C8EC87EBE5 /* [CP] Check Pods Manifest.lock */,
				37F918062AA39D40004439AE /* Sources */,
				37F918072AA39D40004439AE /* Frameworks */,
				37F918082AA39D40004439AE /* Resources */,
			);
			buildRules = (
			);
			dependencies = (
				37F9180C2AA39D40004439AE /* PBXTargetDependency */,
			);
			name = HeadLineTests;
			productName = HeadLineTests;
			productReference = 37F9180A2AA39D40004439AE /* HeadLineTests.xctest */;
			productType = "com.apple.product-type.bundle.unit-test";
		};
		37F918132AA39D40004439AE /* HeadLineUITests */ = {
			isa = PBXNativeTarget;
			buildConfigurationList = 37F918242AA39D40004439AE /* Build configuration list for PBXNativeTarget "HeadLineUITests" */;
			buildPhases = (
				689A1FD7979FDA96ACD655B7 /* [CP] Check Pods Manifest.lock */,
				37F918102AA39D40004439AE /* Sources */,
				37F918112AA39D40004439AE /* Frameworks */,
				37F918122AA39D40004439AE /* Resources */,
				F784F1FA990D1CADC0AD0D4A /* [CP] Embed Pods Frameworks */,
			);
			buildRules = (
			);
			dependencies = (
				37F918162AA39D40004439AE /* PBXTargetDependency */,
			);
			name = HeadLineUITests;
			productName = HeadLineUITests;
			productReference = 37F918142AA39D40004439AE /* HeadLineUITests.xctest */;
			productType = "com.apple.product-type.bundle.ui-testing";
		};
/* End PBXNativeTarget section */

/* Begin PBXProject section */
		37F917EC2AA39D3F004439AE /* Project object */ = {
			isa = PBXProject;
			attributes = {
				BuildIndependentTargetsInParallel = 1;
				LastSwiftUpdateCheck = 1430;
				LastUpgradeCheck = 1430;
				TargetAttributes = {
					37F917F32AA39D3F004439AE = {
						CreatedOnToolsVersion = 14.3.1;
					};
					37F918092AA39D40004439AE = {
						CreatedOnToolsVersion = 14.3.1;
						TestTargetID = 37F917F32AA39D3F004439AE;
					};
					37F918132AA39D40004439AE = {
						CreatedOnToolsVersion = 14.3.1;
						TestTargetID = 37F917F32AA39D3F004439AE;
					};
				};
			};
			buildConfigurationList = 37F917EF2AA39D3F004439AE /* Build configuration list for PBXProject "HeadLine" */;
			compatibilityVersion = "Xcode 14.0";
			developmentRegion = en;
			hasScannedForEncodings = 0;
			knownRegions = (
				en,
				Base,
			);
			mainGroup = 37F917EB2AA39D3F004439AE;
			productRefGroup = 37F917F52AA39D3F004439AE /* Products */;
			projectDirPath = "";
			projectRoot = "";
			targets = (
				37F917F32AA39D3F004439AE /* HeadLine */,
				37F918092AA39D40004439AE /* HeadLineTests */,
				37F918132AA39D40004439AE /* HeadLineUITests */,
			);
		};
/* End PBXProject section */

/* Begin PBXResourcesBuildPhase section */
		37F917F22AA39D3F004439AE /* Resources */ = {
			isa = PBXResourcesBuildPhase;
			buildActionMask = 2147483647;
			files = (
				37F918042AA39D40004439AE /* LaunchScreen.storyboard in Resources */,
				37E221A12AA3A6AF00E1C45A /* RobotoSlab-Regular.ttf in Resources */,
				37E221A22AA3A6AF00E1C45A /* RobotoSlab-Bold.ttf in Resources */,
				37F918012AA39D40004439AE /* Assets.xcassets in Resources */,
				37F917FF2AA39D3F004439AE /* Main.storyboard in Resources */,
				37E221A82AA3AE0000E1C45A /* GoogleService-Info.plist in Resources */,
			);
			runOnlyForDeploymentPostprocessing = 0;
		};
		37F918082AA39D40004439AE /* Resources */ = {
			isa = PBXResourcesBuildPhase;
			buildActionMask = 2147483647;
			files = (
			);
			runOnlyForDeploymentPostprocessing = 0;
		};
		37F918122AA39D40004439AE /* Resources */ = {
			isa = PBXResourcesBuildPhase;
			buildActionMask = 2147483647;
			files = (
			);
			runOnlyForDeploymentPostprocessing = 0;
		};
/* End PBXResourcesBuildPhase section */

/* Begin PBXShellScriptBuildPhase section */
		53CE41AF334AF3670909E9F5 /* [CP] Embed Pods Frameworks */ = {
			isa = PBXShellScriptBuildPhase;
			buildActionMask = 2147483647;
			files = (
			);
			inputFileListPaths = (
				"${PODS_ROOT}/Target Support Files/Pods-HeadLine/Pods-HeadLine-frameworks-${CONFIGURATION}-input-files.xcfilelist",
			);
			name = "[CP] Embed Pods Frameworks";
			outputFileListPaths = (
				"${PODS_ROOT}/Target Support Files/Pods-HeadLine/Pods-HeadLine-frameworks-${CONFIGURATION}-output-files.xcfilelist",
			);
			runOnlyForDeploymentPostprocessing = 0;
			shellPath = /bin/sh;
			shellScript = "\"${PODS_ROOT}/Target Support Files/Pods-HeadLine/Pods-HeadLine-frameworks.sh\"\n";
			showEnvVarsInLog = 0;
		};
		59BBDAD7E91B40C8EC87EBE5 /* [CP] Check Pods Manifest.lock */ = {
			isa = PBXShellScriptBuildPhase;
			buildActionMask = 2147483647;
			files = (
			);
			inputFileListPaths = (
			);
			inputPaths = (
				"${PODS_PODFILE_DIR_PATH}/Podfile.lock",
				"${PODS_ROOT}/Manifest.lock",
			);
			name = "[CP] Check Pods Manifest.lock";
			outputFileListPaths = (
			);
			outputPaths = (
				"$(DERIVED_FILE_DIR)/Pods-HeadLineTests-checkManifestLockResult.txt",
			);
			runOnlyForDeploymentPostprocessing = 0;
			shellPath = /bin/sh;
			shellScript = "diff \"${PODS_PODFILE_DIR_PATH}/Podfile.lock\" \"${PODS_ROOT}/Manifest.lock\" > /dev/null\nif [ $? != 0 ] ; then\n    # print error to STDERR\n    echo \"error: The sandbox is not in sync with the Podfile.lock. Run 'pod install' or update your CocoaPods installation.\" >&2\n    exit 1\nfi\n# This output is used by Xcode 'outputs' to avoid re-running this script phase.\necho \"SUCCESS\" > \"${SCRIPT_OUTPUT_FILE_0}\"\n";
			showEnvVarsInLog = 0;
		};
		689A1FD7979FDA96ACD655B7 /* [CP] Check Pods Manifest.lock */ = {
			isa = PBXShellScriptBuildPhase;
			buildActionMask = 2147483647;
			files = (
			);
			inputFileListPaths = (
			);
			inputPaths = (
				"${PODS_PODFILE_DIR_PATH}/Podfile.lock",
				"${PODS_ROOT}/Manifest.lock",
			);
			name = "[CP] Check Pods Manifest.lock";
			outputFileListPaths = (
			);
			outputPaths = (
				"$(DERIVED_FILE_DIR)/Pods-HeadLine-HeadLineUITests-checkManifestLockResult.txt",
			);
			runOnlyForDeploymentPostprocessing = 0;
			shellPath = /bin/sh;
			shellScript = "diff \"${PODS_PODFILE_DIR_PATH}/Podfile.lock\" \"${PODS_ROOT}/Manifest.lock\" > /dev/null\nif [ $? != 0 ] ; then\n    # print error to STDERR\n    echo \"error: The sandbox is not in sync with the Podfile.lock. Run 'pod install' or update your CocoaPods installation.\" >&2\n    exit 1\nfi\n# This output is used by Xcode 'outputs' to avoid re-running this script phase.\necho \"SUCCESS\" > \"${SCRIPT_OUTPUT_FILE_0}\"\n";
			showEnvVarsInLog = 0;
		};
		8BBD8A7E10BEDAA2552A17B0 /* [CP] Check Pods Manifest.lock */ = {
			isa = PBXShellScriptBuildPhase;
			buildActionMask = 2147483647;
			files = (
			);
			inputFileListPaths = (
			);
			inputPaths = (
				"${PODS_PODFILE_DIR_PATH}/Podfile.lock",
				"${PODS_ROOT}/Manifest.lock",
			);
			name = "[CP] Check Pods Manifest.lock";
			outputFileListPaths = (
			);
			outputPaths = (
				"$(DERIVED_FILE_DIR)/Pods-HeadLine-checkManifestLockResult.txt",
			);
			runOnlyForDeploymentPostprocessing = 0;
			shellPath = /bin/sh;
			shellScript = "diff \"${PODS_PODFILE_DIR_PATH}/Podfile.lock\" \"${PODS_ROOT}/Manifest.lock\" > /dev/null\nif [ $? != 0 ] ; then\n    # print error to STDERR\n    echo \"error: The sandbox is not in sync with the Podfile.lock. Run 'pod install' or update your CocoaPods installation.\" >&2\n    exit 1\nfi\n# This output is used by Xcode 'outputs' to avoid re-running this script phase.\necho \"SUCCESS\" > \"${SCRIPT_OUTPUT_FILE_0}\"\n";
			showEnvVarsInLog = 0;
		};
		F784F1FA990D1CADC0AD0D4A /* [CP] Embed Pods Frameworks */ = {
			isa = PBXShellScriptBuildPhase;
			buildActionMask = 2147483647;
			files = (
			);
			inputFileListPaths = (
				"${PODS_ROOT}/Target Support Files/Pods-HeadLine-HeadLineUITests/Pods-HeadLine-HeadLineUITests-frameworks-${CONFIGURATION}-input-files.xcfilelist",
			);
			name = "[CP] Embed Pods Frameworks";
			outputFileListPaths = (
				"${PODS_ROOT}/Target Support Files/Pods-HeadLine-HeadLineUITests/Pods-HeadLine-HeadLineUITests-frameworks-${CONFIGURATION}-output-files.xcfilelist",
			);
			runOnlyForDeploymentPostprocessing = 0;
			shellPath = /bin/sh;
			shellScript = "\"${PODS_ROOT}/Target Support Files/Pods-HeadLine-HeadLineUITests/Pods-HeadLine-HeadLineUITests-frameworks.sh\"\n";
			showEnvVarsInLog = 0;
		};
/* End PBXShellScriptBuildPhase section */

/* Begin PBXSourcesBuildPhase section */
		37F917F02AA39D3F004439AE /* Sources */ = {
			isa = PBXSourcesBuildPhase;
			buildActionMask = 2147483647;
			files = (
				37F917FC2AA39D3F004439AE /* LoginViewController.swift in Sources */,
				37F917F82AA39D3F004439AE /* AppDelegate.swift in Sources */,
				37F917FA2AA39D3F004439AE /* SceneDelegate.swift in Sources */,
			);
			runOnlyForDeploymentPostprocessing = 0;
		};
		37F918062AA39D40004439AE /* Sources */ = {
			isa = PBXSourcesBuildPhase;
			buildActionMask = 2147483647;
			files = (
				37F9180F2AA39D40004439AE /* HeadLineTests.swift in Sources */,
			);
			runOnlyForDeploymentPostprocessing = 0;
		};
		37F918102AA39D40004439AE /* Sources */ = {
			isa = PBXSourcesBuildPhase;
			buildActionMask = 2147483647;
			files = (
				37F9181B2AA39D40004439AE /* HeadLineUITestsLaunchTests.swift in Sources */,
				37F918192AA39D40004439AE /* HeadLineUITests.swift in Sources */,
			);
			runOnlyForDeploymentPostprocessing = 0;
		};
/* End PBXSourcesBuildPhase section */

/* Begin PBXTargetDependency section */
		37F9180C2AA39D40004439AE /* PBXTargetDependency */ = {
			isa = PBXTargetDependency;
			target = 37F917F32AA39D3F004439AE /* HeadLine */;
			targetProxy = 37F9180B2AA39D40004439AE /* PBXContainerItemProxy */;
		};
		37F918162AA39D40004439AE /* PBXTargetDependency */ = {
			isa = PBXTargetDependency;
			target = 37F917F32AA39D3F004439AE /* HeadLine */;
			targetProxy = 37F918152AA39D40004439AE /* PBXContainerItemProxy */;
		};
/* End PBXTargetDependency section */

/* Begin PBXVariantGroup section */
		37F917FD2AA39D3F004439AE /* Main.storyboard */ = {
			isa = PBXVariantGroup;
			children = (
				37F917FE2AA39D3F004439AE /* Base */,
			);
			name = Main.storyboard;
			sourceTree = "<group>";
		};
		37F918022AA39D40004439AE /* LaunchScreen.storyboard */ = {
			isa = PBXVariantGroup;
			children = (
				37F918032AA39D40004439AE /* Base */,
			);
			name = LaunchScreen.storyboard;
			sourceTree = "<group>";
		};
/* End PBXVariantGroup section */

/* Begin XCBuildConfiguration section */
		37F9181C2AA39D40004439AE /* Debug */ = {
			isa = XCBuildConfiguration;
			buildSettings = {
				ALWAYS_SEARCH_USER_PATHS = NO;
				CLANG_ANALYZER_NONNULL = YES;
				CLANG_ANALYZER_NUMBER_OBJECT_CONVERSION = YES_AGGRESSIVE;
				CLANG_CXX_LANGUAGE_STANDARD = "gnu++20";
				CLANG_ENABLE_MODULES = YES;
				CLANG_ENABLE_OBJC_ARC = YES;
				CLANG_ENABLE_OBJC_WEAK = YES;
				CLANG_WARN_BLOCK_CAPTURE_AUTORELEASING = YES;
				CLANG_WARN_BOOL_CONVERSION = YES;
				CLANG_WARN_COMMA = YES;
				CLANG_WARN_CONSTANT_CONVERSION = YES;
				CLANG_WARN_DEPRECATED_OBJC_IMPLEMENTATIONS = YES;
				CLANG_WARN_DIRECT_OBJC_ISA_USAGE = YES_ERROR;
				CLANG_WARN_DOCUMENTATION_COMMENTS = YES;
				CLANG_WARN_EMPTY_BODY = YES;
				CLANG_WARN_ENUM_CONVERSION = YES;
				CLANG_WARN_INFINITE_RECURSION = YES;
				CLANG_WARN_INT_CONVERSION = YES;
				CLANG_WARN_NON_LITERAL_NULL_CONVERSION = YES;
				CLANG_WARN_OBJC_IMPLICIT_RETAIN_SELF = YES;
				CLANG_WARN_OBJC_LITERAL_CONVERSION = YES;
				CLANG_WARN_OBJC_ROOT_CLASS = YES_ERROR;
				CLANG_WARN_QUOTED_INCLUDE_IN_FRAMEWORK_HEADER = YES;
				CLANG_WARN_RANGE_LOOP_ANALYSIS = YES;
				CLANG_WARN_STRICT_PROTOTYPES = YES;
				CLANG_WARN_SUSPICIOUS_MOVE = YES;
				CLANG_WARN_UNGUARDED_AVAILABILITY = YES_AGGRESSIVE;
				CLANG_WARN_UNREACHABLE_CODE = YES;
				CLANG_WARN__DUPLICATE_METHOD_MATCH = YES;
				COPY_PHASE_STRIP = NO;
				DEBUG_INFORMATION_FORMAT = dwarf;
				ENABLE_STRICT_OBJC_MSGSEND = YES;
				ENABLE_TESTABILITY = YES;
				GCC_C_LANGUAGE_STANDARD = gnu11;
				GCC_DYNAMIC_NO_PIC = NO;
				GCC_NO_COMMON_BLOCKS = YES;
				GCC_OPTIMIZATION_LEVEL = 0;
				GCC_PREPROCESSOR_DEFINITIONS = (
					"DEBUG=1",
					"$(inherited)",
				);
				GCC_WARN_64_TO_32_BIT_CONVERSION = YES;
				GCC_WARN_ABOUT_RETURN_TYPE = YES_ERROR;
				GCC_WARN_UNDECLARED_SELECTOR = YES;
				GCC_WARN_UNINITIALIZED_AUTOS = YES_AGGRESSIVE;
				GCC_WARN_UNUSED_FUNCTION = YES;
				GCC_WARN_UNUSED_VARIABLE = YES;
				IPHONEOS_DEPLOYMENT_TARGET = 14.0;
				MTL_ENABLE_DEBUG_INFO = INCLUDE_SOURCE;
				MTL_FAST_MATH = YES;
				ONLY_ACTIVE_ARCH = YES;
				SDKROOT = iphoneos;
				SWIFT_ACTIVE_COMPILATION_CONDITIONS = DEBUG;
				SWIFT_OPTIMIZATION_LEVEL = "-Onone";
			};
			name = Debug;
		};
		37F9181D2AA39D40004439AE /* Release */ = {
			isa = XCBuildConfiguration;
			buildSettings = {
				ALWAYS_SEARCH_USER_PATHS = NO;
				CLANG_ANALYZER_NONNULL = YES;
				CLANG_ANALYZER_NUMBER_OBJECT_CONVERSION = YES_AGGRESSIVE;
				CLANG_CXX_LANGUAGE_STANDARD = "gnu++20";
				CLANG_ENABLE_MODULES = YES;
				CLANG_ENABLE_OBJC_ARC = YES;
				CLANG_ENABLE_OBJC_WEAK = YES;
				CLANG_WARN_BLOCK_CAPTURE_AUTORELEASING = YES;
				CLANG_WARN_BOOL_CONVERSION = YES;
				CLANG_WARN_COMMA = YES;
				CLANG_WARN_CONSTANT_CONVERSION = YES;
				CLANG_WARN_DEPRECATED_OBJC_IMPLEMENTATIONS = YES;
				CLANG_WARN_DIRECT_OBJC_ISA_USAGE = YES_ERROR;
				CLANG_WARN_DOCUMENTATION_COMMENTS = YES;
				CLANG_WARN_EMPTY_BODY = YES;
				CLANG_WARN_ENUM_CONVERSION = YES;
				CLANG_WARN_INFINITE_RECURSION = YES;
				CLANG_WARN_INT_CONVERSION = YES;
				CLANG_WARN_NON_LITERAL_NULL_CONVERSION = YES;
				CLANG_WARN_OBJC_IMPLICIT_RETAIN_SELF = YES;
				CLANG_WARN_OBJC_LITERAL_CONVERSION = YES;
				CLANG_WARN_OBJC_ROOT_CLASS = YES_ERROR;
				CLANG_WARN_QUOTED_INCLUDE_IN_FRAMEWORK_HEADER = YES;
				CLANG_WARN_RANGE_LOOP_ANALYSIS = YES;
				CLANG_WARN_STRICT_PROTOTYPES = YES;
				CLANG_WARN_SUSPICIOUS_MOVE = YES;
				CLANG_WARN_UNGUARDED_AVAILABILITY = YES_AGGRESSIVE;
				CLANG_WARN_UNREACHABLE_CODE = YES;
				CLANG_WARN__DUPLICATE_METHOD_MATCH = YES;
				COPY_PHASE_STRIP = NO;
				DEBUG_INFORMATION_FORMAT = "dwarf-with-dsym";
				ENABLE_NS_ASSERTIONS = NO;
				ENABLE_STRICT_OBJC_MSGSEND = YES;
				GCC_C_LANGUAGE_STANDARD = gnu11;
				GCC_NO_COMMON_BLOCKS = YES;
				GCC_WARN_64_TO_32_BIT_CONVERSION = YES;
				GCC_WARN_ABOUT_RETURN_TYPE = YES_ERROR;
				GCC_WARN_UNDECLARED_SELECTOR = YES;
				GCC_WARN_UNINITIALIZED_AUTOS = YES_AGGRESSIVE;
				GCC_WARN_UNUSED_FUNCTION = YES;
				GCC_WARN_UNUSED_VARIABLE = YES;
				IPHONEOS_DEPLOYMENT_TARGET = 14.0;
				MTL_ENABLE_DEBUG_INFO = NO;
				MTL_FAST_MATH = YES;
				SDKROOT = iphoneos;
				SWIFT_COMPILATION_MODE = wholemodule;
				SWIFT_OPTIMIZATION_LEVEL = "-O";
				VALIDATE_PRODUCT = YES;
			};
			name = Release;
		};
		37F9181F2AA39D40004439AE /* Debug */ = {
			isa = XCBuildConfiguration;
			baseConfigurationReference = DF15E44A282BE40ED7294D50 /* Pods-HeadLine.debug.xcconfig */;
			buildSettings = {
				ASSETCATALOG_COMPILER_APPICON_NAME = AppIcon;
				ASSETCATALOG_COMPILER_GLOBAL_ACCENT_COLOR_NAME = AccentColor;
				CODE_SIGN_STYLE = Automatic;
				CURRENT_PROJECT_VERSION = 1;
				DEVELOPMENT_TEAM = S9H8WZG98K;
				GENERATE_INFOPLIST_FILE = YES;
				INFOPLIST_FILE = HeadLine/Info.plist;
				INFOPLIST_KEY_UIApplicationSupportsIndirectInputEvents = YES;
				INFOPLIST_KEY_UILaunchStoryboardName = LaunchScreen;
				INFOPLIST_KEY_UIMainStoryboardFile = Main;
				INFOPLIST_KEY_UISupportedInterfaceOrientations_iPad = "UIInterfaceOrientationPortrait UIInterfaceOrientationPortraitUpsideDown UIInterfaceOrientationLandscapeLeft UIInterfaceOrientationLandscapeRight";
				INFOPLIST_KEY_UISupportedInterfaceOrientations_iPhone = "UIInterfaceOrientationPortrait UIInterfaceOrientationLandscapeLeft UIInterfaceOrientationLandscapeRight";
				LD_RUNPATH_SEARCH_PATHS = (
					"$(inherited)",
					"@executable_path/Frameworks",
				);
				MARKETING_VERSION = 1.0;
				PRODUCT_BUNDLE_IDENTIFIER = "Keerthika-Chokkalingam.HeadLine";
				PRODUCT_NAME = "$(TARGET_NAME)";
				SWIFT_EMIT_LOC_STRINGS = YES;
				SWIFT_VERSION = 5.0;
				TARGETED_DEVICE_FAMILY = "1,2";
			};
			name = Debug;
		};
		37F918202AA39D40004439AE /* Release */ = {
			isa = XCBuildConfiguration;
			baseConfigurationReference = 5385038AF64E5D9E22BF5AE6 /* Pods-HeadLine.release.xcconfig */;
			buildSettings = {
				ASSETCATALOG_COMPILER_APPICON_NAME = AppIcon;
				ASSETCATALOG_COMPILER_GLOBAL_ACCENT_COLOR_NAME = AccentColor;
				CODE_SIGN_STYLE = Automatic;
				CURRENT_PROJECT_VERSION = 1;
				DEVELOPMENT_TEAM = S9H8WZG98K;
				GENERATE_INFOPLIST_FILE = YES;
				INFOPLIST_FILE = HeadLine/Info.plist;
				INFOPLIST_KEY_UIApplicationSupportsIndirectInputEvents = YES;
				INFOPLIST_KEY_UILaunchStoryboardName = LaunchScreen;
				INFOPLIST_KEY_UIMainStoryboardFile = Main;
				INFOPLIST_KEY_UISupportedInterfaceOrientations_iPad = "UIInterfaceOrientationPortrait UIInterfaceOrientationPortraitUpsideDown UIInterfaceOrientationLandscapeLeft UIInterfaceOrientationLandscapeRight";
				INFOPLIST_KEY_UISupportedInterfaceOrientations_iPhone = "UIInterfaceOrientationPortrait UIInterfaceOrientationLandscapeLeft UIInterfaceOrientationLandscapeRight";
				LD_RUNPATH_SEARCH_PATHS = (
					"$(inherited)",
					"@executable_path/Frameworks",
				);
				MARKETING_VERSION = 1.0;
				PRODUCT_BUNDLE_IDENTIFIER = "Keerthika-Chokkalingam.HeadLine";
				PRODUCT_NAME = "$(TARGET_NAME)";
				SWIFT_EMIT_LOC_STRINGS = YES;
				SWIFT_VERSION = 5.0;
				TARGETED_DEVICE_FAMILY = "1,2";
			};
			name = Release;
		};
		37F918222AA39D40004439AE /* Debug */ = {
			isa = XCBuildConfiguration;
			baseConfigurationReference = DEC00113589C7E35221ED037 /* Pods-HeadLineTests.debug.xcconfig */;
			buildSettings = {
				ALWAYS_EMBED_SWIFT_STANDARD_LIBRARIES = YES;
				BUNDLE_LOADER = "$(TEST_HOST)";
				CODE_SIGN_STYLE = Automatic;
				CURRENT_PROJECT_VERSION = 1;
				DEVELOPMENT_TEAM = S9H8WZG98K;
				GENERATE_INFOPLIST_FILE = YES;
				IPHONEOS_DEPLOYMENT_TARGET = 16.4;
				MARKETING_VERSION = 1.0;
				PRODUCT_BUNDLE_IDENTIFIER = "Keerthika-Chokkalingam.HeadLineTests";
				PRODUCT_NAME = "$(TARGET_NAME)";
				SWIFT_EMIT_LOC_STRINGS = NO;
				SWIFT_VERSION = 5.0;
				TARGETED_DEVICE_FAMILY = "1,2";
				TEST_HOST = "$(BUILT_PRODUCTS_DIR)/HeadLine.app/$(BUNDLE_EXECUTABLE_FOLDER_PATH)/HeadLine";
			};
			name = Debug;
		};
		37F918232AA39D40004439AE /* Release */ = {
			isa = XCBuildConfiguration;
			baseConfigurationReference = 321DAB6E3FAC1FC9C030CB0C /* Pods-HeadLineTests.release.xcconfig */;
			buildSettings = {
				ALWAYS_EMBED_SWIFT_STANDARD_LIBRARIES = YES;
				BUNDLE_LOADER = "$(TEST_HOST)";
				CODE_SIGN_STYLE = Automatic;
				CURRENT_PROJECT_VERSION = 1;
				DEVELOPMENT_TEAM = S9H8WZG98K;
				GENERATE_INFOPLIST_FILE = YES;
				IPHONEOS_DEPLOYMENT_TARGET = 16.4;
				MARKETING_VERSION = 1.0;
				PRODUCT_BUNDLE_IDENTIFIER = "Keerthika-Chokkalingam.HeadLineTests";
				PRODUCT_NAME = "$(TARGET_NAME)";
				SWIFT_EMIT_LOC_STRINGS = NO;
				SWIFT_VERSION = 5.0;
				TARGETED_DEVICE_FAMILY = "1,2";
				TEST_HOST = "$(BUILT_PRODUCTS_DIR)/HeadLine.app/$(BUNDLE_EXECUTABLE_FOLDER_PATH)/HeadLine";
			};
			name = Release;
		};
		37F918252AA39D40004439AE /* Debug */ = {
			isa = XCBuildConfiguration;
			baseConfigurationReference = A496B10A99684C33EF8734D7 /* Pods-HeadLine-HeadLineUITests.debug.xcconfig */;
			buildSettings = {
				ALWAYS_EMBED_SWIFT_STANDARD_LIBRARIES = YES;
				CODE_SIGN_STYLE = Automatic;
				CURRENT_PROJECT_VERSION = 1;
				DEVELOPMENT_TEAM = S9H8WZG98K;
				GENERATE_INFOPLIST_FILE = YES;
				MARKETING_VERSION = 1.0;
				PRODUCT_BUNDLE_IDENTIFIER = "Keerthika-Chokkalingam.HeadLineUITests";
				PRODUCT_NAME = "$(TARGET_NAME)";
				SWIFT_EMIT_LOC_STRINGS = NO;
				SWIFT_VERSION = 5.0;
				TARGETED_DEVICE_FAMILY = "1,2";
				TEST_TARGET_NAME = HeadLine;
			};
			name = Debug;
		};
		37F918262AA39D40004439AE /* Release */ = {
			isa = XCBuildConfiguration;
			baseConfigurationReference = EF7150E62AE3D1D3A898B68E /* Pods-HeadLine-HeadLineUITests.release.xcconfig */;
			buildSettings = {
				ALWAYS_EMBED_SWIFT_STANDARD_LIBRARIES = YES;
				CODE_SIGN_STYLE = Automatic;
				CURRENT_PROJECT_VERSION = 1;
				DEVELOPMENT_TEAM = S9H8WZG98K;
				GENERATE_INFOPLIST_FILE = YES;
				MARKETING_VERSION = 1.0;
				PRODUCT_BUNDLE_IDENTIFIER = "Keerthika-Chokkalingam.HeadLineUITests";
				PRODUCT_NAME = "$(TARGET_NAME)";
				SWIFT_EMIT_LOC_STRINGS = NO;
				SWIFT_VERSION = 5.0;
				TARGETED_DEVICE_FAMILY = "1,2";
				TEST_TARGET_NAME = HeadLine;
			};
			name = Release;
		};
/* End XCBuildConfiguration section */

/* Begin XCConfigurationList section */
		37F917EF2AA39D3F004439AE /* Build configuration list for PBXProject "HeadLine" */ = {
			isa = XCConfigurationList;
			buildConfigurations = (
				37F9181C2AA39D40004439AE /* Debug */,
				37F9181D2AA39D40004439AE /* Release */,
			);
			defaultConfigurationIsVisible = 0;
			defaultConfigurationName = Release;
		};
		37F9181E2AA39D40004439AE /* Build configuration list for PBXNativeTarget "HeadLine" */ = {
			isa = XCConfigurationList;
			buildConfigurations = (
				37F9181F2AA39D40004439AE /* Debug */,
				37F918202AA39D40004439AE /* Release */,
			);
			defaultConfigurationIsVisible = 0;
			defaultConfigurationName = Release;
		};
		37F918212AA39D40004439AE /* Build configuration list for PBXNativeTarget "HeadLineTests" */ = {
			isa = XCConfigurationList;
			buildConfigurations = (
				37F918222AA39D40004439AE /* Debug */,
				37F918232AA39D40004439AE /* Release */,
			);
			defaultConfigurationIsVisible = 0;
			defaultConfigurationName = Release;
		};
		37F918242AA39D40004439AE /* Build configuration list for PBXNativeTarget "HeadLineUITests" */ = {
			isa = XCConfigurationList;
			buildConfigurations = (
				37F918252AA39D40004439AE /* Debug */,
				37F918262AA39D40004439AE /* Release */,
			);
			defaultConfigurationIsVisible = 0;
			defaultConfigurationName = Release;
		};
/* End XCConfigurationList section */
	};
	rootObject = 37F917EC2AA39D3F004439AE /* Project object */;
}
